// !$*UTF8*$!
{
	archiveVersion = 1;
	classes = {
	};
	objectVersion = 56;
	objects = {

/* Begin PBXBuildFile section */
		EC5D49BF28ABDE9C00033E76 /* AppDelegate.swift in Sources */ = {isa = PBXBuildFile; fileRef = EC5D49BE28ABDE9C00033E76 /* AppDelegate.swift */; };
		EC5D49C128ABDE9C00033E76 /* SceneDelegate.swift in Sources */ = {isa = PBXBuildFile; fileRef = EC5D49C028ABDE9C00033E76 /* SceneDelegate.swift */; };
		EC5D49C328ABDE9C00033E76 /* ViewController.swift in Sources */ = {isa = PBXBuildFile; fileRef = EC5D49C228ABDE9C00033E76 /* ViewController.swift */; };
		EC5D49C628ABDE9C00033E76 /* Main.storyboard in Resources */ = {isa = PBXBuildFile; fileRef = EC5D49C428ABDE9C00033E76 /* Main.storyboard */; };
		EC5D49C928ABDE9C00033E76 /* todolist_practice.xcdatamodeld in Sources */ = {isa = PBXBuildFile; fileRef = EC5D49C728ABDE9C00033E76 /* todolist_practice.xcdatamodeld */; };
		EC5D49CB28ABDEA100033E76 /* Assets.xcassets in Resources */ = {isa = PBXBuildFile; fileRef = EC5D49CA28ABDEA100033E76 /* Assets.xcassets */; };
		EC5D49CE28ABDEA100033E76 /* LaunchScreen.storyboard in Resources */ = {isa = PBXBuildFile; fileRef = EC5D49CC28ABDEA100033E76 /* LaunchScreen.storyboard */; };
		EC5D49D628ABE20B00033E76 /* ToDoTableViewController.swift in Sources */ = {isa = PBXBuildFile; fileRef = EC5D49D528ABE20B00033E76 /* ToDoTableViewController.swift */; };
		EC5D49D828ABE23A00033E76 /* ToDo.swift in Sources */ = {isa = PBXBuildFile; fileRef = EC5D49D728ABE23A00033E76 /* ToDo.swift */; };
		ECA25F4228AEEB33001FC25A /* AddToTableViewController.swift in Sources */ = {isa = PBXBuildFile; fileRef = ECA25F4128AEEB33001FC25A /* AddToTableViewController.swift */; };
		ECA25F4428AEF62C001FC25A /* CompleteToDoViewController.swift in Sources */ = {isa = PBXBuildFile; fileRef = ECA25F4328AEF62B001FC25A /* CompleteToDoViewController.swift */; };
/* End PBXBuildFile section */

/* Begin PBXFileReference section */
		EC5D49BB28ABDE9C00033E76 /* todolist practice.app */ = {isa = PBXFileReference; explicitFileType = wrapper.application; includeInIndex = 0; path = "todolist practice.app"; sourceTree = BUILT_PRODUCTS_DIR; };
		EC5D49BE28ABDE9C00033E76 /* AppDelegate.swift */ = {isa = PBXFileReference; lastKnownFileType = sourcecode.swift; path = AppDelegate.swift; sourceTree = "<group>"; };
		EC5D49C028ABDE9C00033E76 /* SceneDelegate.swift */ = {isa = PBXFileReference; lastKnownFileType = sourcecode.swift; path = SceneDelegate.swift; sourceTree = "<group>"; };
		EC5D49C228ABDE9C00033E76 /* ViewController.swift */ = {isa = PBXFileReference; lastKnownFileType = sourcecode.swift; path = ViewController.swift; sourceTree = "<group>"; };
		EC5D49C528ABDE9C00033E76 /* Base */ = {isa = PBXFileReference; lastKnownFileType = file.storyboard; name = Base; path = Base.lproj/Main.storyboard; sourceTree = "<group>"; };
		EC5D49C828ABDE9C00033E76 /* todolist_practice.xcdatamodel */ = {isa = PBXFileReference; lastKnownFileType = wrapper.xcdatamodel; path = todolist_practice.xcdatamodel; sourceTree = "<group>"; };
		EC5D49CA28ABDEA100033E76 /* Assets.xcassets */ = {isa = PBXFileReference; lastKnownFileType = folder.assetcatalog; path = Assets.xcassets; sourceTree = "<group>"; };
		EC5D49CD28ABDEA100033E76 /* Base */ = {isa = PBXFileReference; lastKnownFileType = file.storyboard; name = Base; path = Base.lproj/LaunchScreen.storyboard; sourceTree = "<group>"; };
		EC5D49CF28ABDEA100033E76 /* Info.plist */ = {isa = PBXFileReference; lastKnownFileType = text.plist.xml; path = Info.plist; sourceTree = "<group>"; };
		EC5D49D528ABE20B00033E76 /* ToDoTableViewController.swift */ = {isa = PBXFileReference; lastKnownFileType = sourcecode.swift; path = ToDoTableViewController.swift; sourceTree = "<group>"; };
		EC5D49D728ABE23A00033E76 /* ToDo.swift */ = {isa = PBXFileReference; lastKnownFileType = sourcecode.swift; path = ToDo.swift; sourceTree = "<group>"; };
		ECA25F4128AEEB33001FC25A /* AddToTableViewController.swift */ = {isa = PBXFileReference; lastKnownFileType = sourcecode.swift; path = AddToTableViewController.swift; sourceTree = "<group>"; };
		ECA25F4328AEF62B001FC25A /* CompleteToDoViewController.swift */ = {isa = PBXFileReference; lastKnownFileType = sourcecode.swift; path = CompleteToDoViewController.swift; sourceTree = "<group>"; };
/* End PBXFileReference section */

/* Begin PBXFrameworksBuildPhase section */
		EC5D49B828ABDE9C00033E76 /* Frameworks */ = {
			isa = PBXFrameworksBuildPhase;
			buildActionMask = 2147483647;
			files = (
			);
			runOnlyForDeploymentPostprocessing = 0;
		};
/* End PBXFrameworksBuildPhase section */

/* Begin PBXGroup section */
		EC5D49B228ABDE9C00033E76 = {
			isa = PBXGroup;
			children = (
				EC5D49BD28ABDE9C00033E76 /* todolist practice */,
				EC5D49BC28ABDE9C00033E76 /* Products */,
			);
			sourceTree = "<group>";
		};
		EC5D49BC28ABDE9C00033E76 /* Products */ = {
			isa = PBXGroup;
			children = (
				EC5D49BB28ABDE9C00033E76 /* todolist practice.app */,
			);
			name = Products;
			sourceTree = "<group>";
		};
		EC5D49BD28ABDE9C00033E76 /* todolist practice */ = {
			isa = PBXGroup;
			children = (
				EC5D49BE28ABDE9C00033E76 /* AppDelegate.swift */,
				EC5D49C028ABDE9C00033E76 /* SceneDelegate.swift */,
				EC5D49C228ABDE9C00033E76 /* ViewController.swift */,
				ECA25F4328AEF62B001FC25A /* CompleteToDoViewController.swift */,
				ECA25F4128AEEB33001FC25A /* AddToTableViewController.swift */,
				EC5D49C428ABDE9C00033E76 /* Main.storyboard */,
				EC5D49D528ABE20B00033E76 /* ToDoTableViewController.swift */,
				EC5D49D728ABE23A00033E76 /* ToDo.swift */,
				EC5D49CA28ABDEA100033E76 /* Assets.xcassets */,
				EC5D49CC28ABDEA100033E76 /* LaunchScreen.storyboard */,
				EC5D49CF28ABDEA100033E76 /* Info.plist */,
				EC5D49C728ABDE9C00033E76 /* todolist_practice.xcdatamodeld */,
			);
			path = "todolist practice";
			sourceTree = "<group>";
		};
/* End PBXGroup section */

/* Begin PBXNativeTarget section */
		EC5D49BA28ABDE9C00033E76 /* todolist practice */ = {
			isa = PBXNativeTarget;
			buildConfigurationList = EC5D49D228ABDEA100033E76 /* Build configuration list for PBXNativeTarget "todolist practice" */;
			buildPhases = (
				EC5D49B728ABDE9C00033E76 /* Sources */,
				EC5D49B828ABDE9C00033E76 /* Frameworks */,
				EC5D49B928ABDE9C00033E76 /* Resources */,
			);
			buildRules = (
			);
			dependencies = (
			);
			name = "todolist practice";
			productName = "todolist practice";
			productReference = EC5D49BB28ABDE9C00033E76 /* todolist practice.app */;
			productType = "com.apple.product-type.application";
		};
/* End PBXNativeTarget section */

/* Begin PBXProject section */
		EC5D49B328ABDE9C00033E76 /* Project object */ = {
			isa = PBXProject;
			attributes = {
				BuildIndependentTargetsInParallel = 1;
				LastSwiftUpdateCheck = 1400;
				LastUpgradeCheck = 1400;
				TargetAttributes = {
					EC5D49BA28ABDE9C00033E76 = {
						CreatedOnToolsVersion = 14.0;
					};
				};
			};
			buildConfigurationList = EC5D49B628ABDE9C00033E76 /* Build configuration list for PBXProject "todolist practice" */;
			compatibilityVersion = "Xcode 14.0";
			developmentRegion = en;
			hasScannedForEncodings = 0;
			knownRegions = (
				en,
				Base,
			);
			mainGroup = EC5D49B228ABDE9C00033E76;
			productRefGroup = EC5D49BC28ABDE9C00033E76 /* Products */;
			projectDirPath = "";
			projectRoot = "";
			targets = (
				EC5D49BA28ABDE9C00033E76 /* todolist practice */,
			);
		};
/* End PBXProject section */

/* Begin PBXResourcesBuildPhase section */
		EC5D49B928ABDE9C00033E76 /* Resources */ = {
			isa = PBXResourcesBuildPhase;
			buildActionMask = 2147483647;
			files = (
				EC5D49CE28ABDEA100033E76 /* LaunchScreen.storyboard in Resources */,
				EC5D49CB28ABDEA100033E76 /* Assets.xcassets in Resources */,
				EC5D49C628ABDE9C00033E76 /* Main.storyboard in Resources */,
			);
			runOnlyForDeploymentPostprocessing = 0;
		};
/* End PBXResourcesBuildPhase section */

/* Begin PBXSourcesBuildPhase section */
		EC5D49B728ABDE9C00033E76 /* Sources */ = {
			isa = PBXSourcesBuildPhase;
			buildActionMask = 2147483647;
			files = (
				EC5D49C328ABDE9C00033E76 /* ViewController.swift in Sources */,
				EC5D49BF28ABDE9C00033E76 /* AppDelegate.swift in Sources */,
				ECA25F4428AEF62C001FC25A /* CompleteToDoViewController.swift in Sources */,
				EC5D49C928ABDE9C00033E76 /* todolist_practice.xcdatamodeld in Sources */,
				EC5D49D828ABE23A00033E76 /* ToDo.swift in Sources */,
				EC5D49C128ABDE9C00033E76 /* SceneDelegate.swift in Sources */,
				ECA25F4228AEEB33001FC25A /* AddToTableViewController.swift in Sources */,
				EC5D49D628ABE20B00033E76 /* ToDoTableViewController.swift in Sources */,
			);
			runOnlyForDeploymentPostprocessing = 0;
		};
/* End PBXSourcesBuildPhase section */

/* Begin PBXVariantGroup section */
		EC5D49C428ABDE9C00033E76 /* Main.storyboard */ = {
			isa = PBXVariantGroup;
			children = (
				EC5D49C528ABDE9C00033E76 /* Base */,
			);
			name = Main.storyboard;
			sourceTree = "<group>";
		};
		EC5D49CC28ABDEA100033E76 /* LaunchScreen.storyboard */ = {
			isa = PBXVariantGroup;
			children = (
				EC5D49CD28ABDEA100033E76 /* Base */,
			);
			name = LaunchScreen.storyboard;
			sourceTree = "<group>";
		};
/* End PBXVariantGroup section */

/* Begin XCBuildConfiguration section */
		EC5D49D028ABDEA100033E76 /* Debug */ = {
			isa = XCBuildConfiguration;
			buildSettings = {
				ALWAYS_SEARCH_USER_PATHS = NO;
				CLANG_ANALYZER_NONNULL = YES;
				CLANG_ANALYZER_NUMBER_OBJECT_CONVERSION = YES_AGGRESSIVE;
				CLANG_CXX_LANGUAGE_STANDARD = "gnu++20";
				CLANG_ENABLE_MODULES = YES;
				CLANG_ENABLE_OBJC_ARC = YES;
				CLANG_ENABLE_OBJC_WEAK = YES;
				CLANG_WARN_BLOCK_CAPTURE_AUTORELEASING = YES;
				CLANG_WARN_BOOL_CONVERSION = YES;
				CLANG_WARN_COMMA = YES;
				CLANG_WARN_CONSTANT_CONVERSION = YES;
				CLANG_WARN_DEPRECATED_OBJC_IMPLEMENTATIONS = YES;
				CLANG_WARN_DIRECT_OBJC_ISA_USAGE = YES_ERROR;
				CLANG_WARN_DOCUMENTATION_COMMENTS = YES;
				CLANG_WARN_EMPTY_BODY = YES;
				CLANG_WARN_ENUM_CONVERSION = YES;
				CLANG_WARN_INFINITE_RECURSION = YES;
				CLANG_WARN_INT_CONVERSION = YES;
				CLANG_WARN_NON_LITERAL_NULL_CONVERSION = YES;
				CLANG_WARN_OBJC_IMPLICIT_RETAIN_SELF = YES;
				CLANG_WARN_OBJC_LITERAL_CONVERSION = YES;
				CLANG_WARN_OBJC_ROOT_CLASS = YES_ERROR;
				CLANG_WARN_QUOTED_INCLUDE_IN_FRAMEWORK_HEADER = YES;
				CLANG_WARN_RANGE_LOOP_ANALYSIS = YES;
				CLANG_WARN_STRICT_PROTOTYPES = YES;
				CLANG_WARN_SUSPICIOUS_MOVE = YES;
				CLANG_WARN_UNGUARDED_AVAILABILITY = YES_AGGRESSIVE;
				CLANG_WARN_UNREACHABLE_CODE = YES;
				CLANG_WARN__DUPLICATE_METHOD_MATCH = YES;
				COPY_PHASE_STRIP = NO;
				DEBUG_INFORMATION_FORMAT = dwarf;
				ENABLE_STRICT_OBJC_MSGSEND = YES;
				ENABLE_TESTABILITY = YES;
				GCC_C_LANGUAGE_STANDARD = gnu11;
				GCC_DYNAMIC_NO_PIC = NO;
				GCC_NO_COMMON_BLOCKS = YES;
				GCC_OPTIMIZATION_LEVEL = 0;
				GCC_PREPROCESSOR_DEFINITIONS = (
					"DEBUG=1",
					"$(inherited)",
				);
				GCC_WARN_64_TO_32_BIT_CONVERSION = YES;
				GCC_WARN_ABOUT_RETURN_TYPE = YES_ERROR;
				GCC_WARN_UNDECLARED_SELECTOR = YES;
				GCC_WARN_UNINITIALIZED_AUTOS = YES_AGGRESSIVE;
				GCC_WARN_UNUSED_FUNCTION = YES;
				GCC_WARN_UNUSED_VARIABLE = YES;
				IPHONEOS_DEPLOYMENT_TARGET = 16.0;
				MTL_ENABLE_DEBUG_INFO = INCLUDE_SOURCE;
				MTL_FAST_MATH = YES;
				ONLY_ACTIVE_ARCH = YES;
				SDKROOT = iphoneos;
				SWIFT_ACTIVE_COMPILATION_CONDITIONS = DEBUG;
				SWIFT_OPTIMIZATION_LEVEL = "-Onone";
			};
			name = Debug;
		};
		EC5D49D128ABDEA100033E76 /* Release */ = {
			isa = XCBuildConfiguration;
			buildSettings = {
				ALWAYS_SEARCH_USER_PATHS = NO;
				CLANG_ANALYZER_NONNULL = YES;
				CLANG_ANALYZER_NUMBER_OBJECT_CONVERSION = YES_AGGRESSIVE;
				CLANG_CXX_LANGUAGE_STANDARD = "gnu++20";
				CLANG_ENABLE_MODULES = YES;
				CLANG_ENABLE_OBJC_ARC = YES;
				CLANG_ENABLE_OBJC_WEAK = YES;
				CLANG_WARN_BLOCK_CAPTURE_AUTORELEASING = YES;
				CLANG_WARN_BOOL_CONVERSION = YES;
				CLANG_WARN_COMMA = YES;
				CLANG_WARN_CONSTANT_CONVERSION = YES;
				CLANG_WARN_DEPRECATED_OBJC_IMPLEMENTATIONS = YES;
				CLANG_WARN_DIRECT_OBJC_ISA_USAGE = YES_ERROR;
				CLANG_WARN_DOCUMENTATION_COMMENTS = YES;
				CLANG_WARN_EMPTY_BODY = YES;
				CLANG_WARN_ENUM_CONVERSION = YES;
				CLANG_WARN_INFINITE_RECURSION = YES;
				CLANG_WARN_INT_CONVERSION = YES;
				CLANG_WARN_NON_LITERAL_NULL_CONVERSION = YES;
				CLANG_WARN_OBJC_IMPLICIT_RETAIN_SELF = YES;
				CLANG_WARN_OBJC_LITERAL_CONVERSION = YES;
				CLANG_WARN_OBJC_ROOT_CLASS = YES_ERROR;
				CLANG_WARN_QUOTED_INCLUDE_IN_FRAMEWORK_HEADER = YES;
				CLANG_WARN_RANGE_LOOP_ANALYSIS = YES;
				CLANG_WARN_STRICT_PROTOTYPES = YES;
				CLANG_WARN_SUSPICIOUS_MOVE = YES;
				CLANG_WARN_UNGUARDED_AVAILABILITY = YES_AGGRESSIVE;
				CLANG_WARN_UNREACHABLE_CODE = YES;
				CLANG_WARN__DUPLICATE_METHOD_MATCH = YES;
				COPY_PHASE_STRIP = NO;
				DEBUG_INFORMATION_FORMAT = "dwarf-with-dsym";
				ENABLE_NS_ASSERTIONS = NO;
				ENABLE_STRICT_OBJC_MSGSEND = YES;
				GCC_C_LANGUAGE_STANDARD = gnu11;
				GCC_NO_COMMON_BLOCKS = YES;
				GCC_WARN_64_TO_32_BIT_CONVERSION = YES;
				GCC_WARN_ABOUT_RETURN_TYPE = YES_ERROR;
				GCC_WARN_UNDECLARED_SELECTOR = YES;
				GCC_WARN_UNINITIALIZED_AUTOS = YES_AGGRESSIVE;
				GCC_WARN_UNUSED_FUNCTION = YES;
				GCC_WARN_UNUSED_VARIABLE = YES;
				IPHONEOS_DEPLOYMENT_TARGET = 16.0;
				MTL_ENABLE_DEBUG_INFO = NO;
				MTL_FAST_MATH = YES;
				SDKROOT = iphoneos;
				SWIFT_COMPILATION_MODE = wholemodule;
				SWIFT_OPTIMIZATION_LEVEL = "-O";
				VALIDATE_PRODUCT = YES;
			};
			name = Release;
		};
		EC5D49D328ABDEA100033E76 /* Debug */ = {
			isa = XCBuildConfiguration;
			buildSettings = {
				ASSETCATALOG_COMPILER_APPICON_NAME = AppIcon;
				ASSETCATALOG_COMPILER_GLOBAL_ACCENT_COLOR_NAME = AccentColor;
				CODE_SIGN_STYLE = Automatic;
				CURRENT_PROJECT_VERSION = 1;
				DEVELOPMENT_TEAM = B7VM2AK35W;
				GENERATE_INFOPLIST_FILE = YES;
				INFOPLIST_FILE = "todolist practice/Info.plist";
				INFOPLIST_KEY_UIApplicationSupportsIndirectInputEvents = YES;
				INFOPLIST_KEY_UILaunchStoryboardName = LaunchScreen;
				INFOPLIST_KEY_UIMainStoryboardFile = Main;
				INFOPLIST_KEY_UISupportedInterfaceOrientations_iPad = "UIInterfaceOrientationPortrait UIInterfaceOrientationPortraitUpsideDown UIInterfaceOrientationLandscapeLeft UIInterfaceOrientationLandscapeRight";
				INFOPLIST_KEY_UISupportedInterfaceOrientations_iPhone = "UIInterfaceOrientationPortrait UIInterfaceOrientationLandscapeLeft UIInterfaceOrientationLandscapeRight";
				LD_RUNPATH_SEARCH_PATHS = (
					"$(inherited)",
					"@executable_path/Frameworks",
				);
				MARKETING_VERSION = 1.0;
				PRODUCT_BUNDLE_IDENTIFIER = "Preksha.todolist-practice";
				PRODUCT_NAME = "$(TARGET_NAME)";
				SWIFT_EMIT_LOC_STRINGS = YES;
				SWIFT_VERSION = 5.0;
				TARGETED_DEVICE_FAMILY = "1,2";
			};
			name = Debug;
		};
		EC5D49D428ABDEA100033E76 /* Release */ = {
			isa = XCBuildConfiguration;
			buildSettings = {
				ASSETCATALOG_COMPILER_APPICON_NAME = AppIcon;
				ASSETCATALOG_COMPILER_GLOBAL_ACCENT_COLOR_NAME = AccentColor;
				CODE_SIGN_STYLE = Automatic;
				CURRENT_PROJECT_VERSION = 1;
				DEVELOPMENT_TEAM = B7VM2AK35W;
				GENERATE_INFOPLIST_FILE = YES;
				INFOPLIST_FILE = "todolist practice/Info.plist";
				INFOPLIST_KEY_UIApplicationSupportsIndirectInputEvents = YES;
				INFOPLIST_KEY_UILaunchStoryboardName = LaunchScreen;
				INFOPLIST_KEY_UIMainStoryboardFile = Main;
				INFOPLIST_KEY_UISupportedInterfaceOrientations_iPad = "UIInterfaceOrientationPortrait UIInterfaceOrientationPortraitUpsideDown UIInterfaceOrientationLandscapeLeft UIInterfaceOrientationLandscapeRight";
				INFOPLIST_KEY_UISupportedInterfaceOrientations_iPhone = "UIInterfaceOrientationPortrait UIInterfaceOrientationLandscapeLeft UIInterfaceOrientationLandscapeRight";
				LD_RUNPATH_SEARCH_PATHS = (
					"$(inherited)",
					"@executable_path/Frameworks",
				);
				MARKETING_VERSION = 1.0;
				PRODUCT_BUNDLE_IDENTIFIER = "Preksha.todolist-practice";
				PRODUCT_NAME = "$(TARGET_NAME)";
				SWIFT_EMIT_LOC_STRINGS = YES;
				SWIFT_VERSION = 5.0;
				TARGETED_DEVICE_FAMILY = "1,2";
			};
			name = Release;
		};
/* End XCBuildConfiguration section */

/* Begin XCConfigurationList section */
		EC5D49B628ABDE9C00033E76 /* Build configuration list for PBXProject "todolist practice" */ = {
			isa = XCConfigurationList;
			buildConfigurations = (
				EC5D49D028ABDEA100033E76 /* Debug */,
				EC5D49D128ABDEA100033E76 /* Release */,
			);
			defaultConfigurationIsVisible = 0;
			defaultConfigurationName = Release;
		};
		EC5D49D228ABDEA100033E76 /* Build configuration list for PBXNativeTarget "todolist practice" */ = {
			isa = XCConfigurationList;
			buildConfigurations = (
				EC5D49D328ABDEA100033E76 /* Debug */,
				EC5D49D428ABDEA100033E76 /* Release */,
			);
			defaultConfigurationIsVisible = 0;
			defaultConfigurationName = Release;
		};
/* End XCConfigurationList section */

/* Begin XCVersionGroup section */
		EC5D49C728ABDE9C00033E76 /* todolist_practice.xcdatamodeld */ = {
			isa = XCVersionGroup;
			children = (
				EC5D49C828ABDE9C00033E76 /* todolist_practice.xcdatamodel */,
			);
			currentVersion = EC5D49C828ABDE9C00033E76 /* todolist_practice.xcdatamodel */;
			path = todolist_practice.xcdatamodeld;
			sourceTree = "<group>";
			versionGroupType = wrapper.xcdatamodel;
		};
/* End XCVersionGroup section */
	};
	rootObject = EC5D49B328ABDE9C00033E76 /* Project object */;
}
